
Microsoft Visual Studio Solution File, Format Version 12.00
# Visual Studio Version 17
VisualStudioVersion = 17.11.35327.3
MinimumVisualStudioVersion = 10.0.40219.1
Project("{FAE04EC0-301F-11D3-BF4B-00C04F79EFBC}") = "SoftCyberiaBaseBO", "SoftCyberiaBaseBO\SoftCyberiaBaseBO.csproj", "{AB15DA04-6E93-4894-8FB0-611E4133D26E}"
EndProject
Project("{FAE04EC0-301F-11D3-BF4B-00C04F79EFBC}") = "SoftCyberiaInventarioBO", "SoftCyberiaInventarioBO\SoftCyberiaInventarioBO.csproj", "{65648AF1-A066-4D24-9C06-DB1BC8504D02}"
EndProject
Project("{FAE04EC0-301F-11D3-BF4B-00C04F79EFBC}") = "SoftCyberiaWA", "SoftCyberiaWA\SoftCyberiaWA.csproj", "{B4A8B680-1619-4528-92C6-9FA963277C29}"
EndProject
Global
	GlobalSection(SolutionConfigurationPlatforms) = preSolution
		Debug|Any CPU = Debug|Any CPU
		Release|Any CPU = Release|Any CPU
	EndGlobalSection
	GlobalSection(ProjectConfigurationPlatforms) = postSolution
		{AB15DA04-6E93-4894-8FB0-611E4133D26E}.Debug|Any CPU.ActiveCfg = Debug|Any CPU
		{AB15DA04-6E93-4894-8FB0-611E4133D26E}.Debug|Any CPU.Build.0 = Debug|Any CPU
		{AB15DA04-6E93-4894-8FB0-611E4133D26E}.Release|Any CPU.ActiveCfg = Release|Any CPU
		{AB15DA04-6E93-4894-8FB0-611E4133D26E}.Release|Any CPU.Build.0 = Release|Any CPU
		{65648AF1-A066-4D24-9C06-DB1BC8504D02}.Debug|Any CPU.ActiveCfg = Debug|Any CPU
		{65648AF1-A066-4D24-9C06-DB1BC8504D02}.Debug|Any CPU.Build.0 = Debug|Any CPU
		{65648AF1-A066-4D24-9C06-DB1BC8504D02}.Release|Any CPU.ActiveCfg = Release|Any CPU
		{65648AF1-A066-4D24-9C06-DB1BC8504D02}.Release|Any CPU.Build.0 = Release|Any CPU
		{B4A8B680-1619-4528-92C6-9FA963277C29}.Debug|Any CPU.ActiveCfg = Debug|Any CPU
		{B4A8B680-1619-4528-92C6-9FA963277C29}.Debug|Any CPU.Build.0 = Debug|Any CPU
		{B4A8B680-1619-4528-92C6-9FA963277C29}.Release|Any CPU.ActiveCfg = Release|Any CPU
		{B4A8B680-1619-4528-92C6-9FA963277C29}.Release|Any CPU.Build.0 = Release|Any CPU
	EndGlobalSection
	GlobalSection(SolutionProperties) = preSolution
		HideSolutionNode = FALSE
	EndGlobalSection
	GlobalSection(ExtensibilityGlobals) = postSolution
		SolutionGuid = {38AB0222-F9EF-447D-B515-B0DBD6F479C1}
	EndGlobalSection
EndGlobal
